
Microsoft Visual Studio Solution File, Format Version 12.00
# Visual Studio 15
Project("{FAE04EC0-301F-11D3-BF4B-00C04F79EFBC}") = "chapter2_2", "chapter2_2\chapter2_2.csproj", "{4354038B-E693-40A9-AA16-D0783BA1425F}"
EndProject
Global
	GlobalSection(SolutionConfigurationPlatforms) = preSolution
		Debug|Any CPU = Debug|Any CPU
		Release|Any CPU = Release|Any CPU
	EndGlobalSection
	GlobalSection(ProjectConfigurationPlatforms) = postSolution
		{4354038B-E693-40A9-AA16-D0783BA1425F}.Debug|Any CPU.ActiveCfg = Debug|Any CPU
		{4354038B-E693-40A9-AA16-D0783BA1425F}.Debug|Any CPU.Build.0 = Debug|Any CPU
		{4354038B-E693-40A9-AA16-D0783BA1425F}.Release|Any CPU.ActiveCfg = Release|Any CPU
		{4354038B-E693-40A9-AA16-D0783BA1425F}.Release|Any CPU.Build.0 = Release|Any CPU
	EndGlobalSection
EndGlobal
