
Microsoft Visual Studio Solution File, Format Version 12.00
# Visual Studio 15
Project("{FAE04EC0-301F-11D3-BF4B-00C04F79EFBC}") = "chapter1_8", "chapter1_8\chapter1_8.csproj", "{624A813D-6DD3-491A-AC7D-FE2C5A8B7F30}"
EndProject
Global
	GlobalSection(SolutionConfigurationPlatforms) = preSolution
		Debug|Any CPU = Debug|Any CPU
		Release|Any CPU = Release|Any CPU
	EndGlobalSection
	GlobalSection(ProjectConfigurationPlatforms) = postSolution
		{624A813D-6DD3-491A-AC7D-FE2C5A8B7F30}.Debug|Any CPU.ActiveCfg = Debug|Any CPU
		{624A813D-6DD3-491A-AC7D-FE2C5A8B7F30}.Debug|Any CPU.Build.0 = Debug|Any CPU
		{624A813D-6DD3-491A-AC7D-FE2C5A8B7F30}.Release|Any CPU.ActiveCfg = Release|Any CPU
		{624A813D-6DD3-491A-AC7D-FE2C5A8B7F30}.Release|Any CPU.Build.0 = Release|Any CPU
	EndGlobalSection
EndGlobal
