
Microsoft Visual Studio Solution File, Format Version 12.00
# Visual Studio 15
Project("{FAE04EC0-301F-11D3-BF4B-00C04F79EFBC}") = "chapter6_7", "chapter6_7\chapter6_7.csproj", "{2D7E3E2E-BA5B-4536-9DC1-1C296D6829E1}"
EndProject
Global
	GlobalSection(SolutionConfigurationPlatforms) = preSolution
		Debug|Any CPU = Debug|Any CPU
		Release|Any CPU = Release|Any CPU
	EndGlobalSection
	GlobalSection(ProjectConfigurationPlatforms) = postSolution
		{2D7E3E2E-BA5B-4536-9DC1-1C296D6829E1}.Debug|Any CPU.ActiveCfg = Debug|Any CPU
		{2D7E3E2E-BA5B-4536-9DC1-1C296D6829E1}.Debug|Any CPU.Build.0 = Debug|Any CPU
		{2D7E3E2E-BA5B-4536-9DC1-1C296D6829E1}.Release|Any CPU.ActiveCfg = Release|Any CPU
		{2D7E3E2E-BA5B-4536-9DC1-1C296D6829E1}.Release|Any CPU.Build.0 = Release|Any CPU
	EndGlobalSection
EndGlobal
