
Microsoft Visual Studio Solution File, Format Version 12.00
# Visual Studio 15
Project("{FAE04EC0-301F-11D3-BF4B-00C04F79EFBC}") = "chapter8_2", "chapter8_2\chapter8_2.csproj", "{3394017D-704C-41A5-B771-4850085E1FAB}"
EndProject
Global
	GlobalSection(SolutionConfigurationPlatforms) = preSolution
		Debug|Any CPU = Debug|Any CPU
		Release|Any CPU = Release|Any CPU
	EndGlobalSection
	GlobalSection(ProjectConfigurationPlatforms) = postSolution
		{3394017D-704C-41A5-B771-4850085E1FAB}.Debug|Any CPU.ActiveCfg = Debug|Any CPU
		{3394017D-704C-41A5-B771-4850085E1FAB}.Debug|Any CPU.Build.0 = Debug|Any CPU
		{3394017D-704C-41A5-B771-4850085E1FAB}.Release|Any CPU.ActiveCfg = Release|Any CPU
		{3394017D-704C-41A5-B771-4850085E1FAB}.Release|Any CPU.Build.0 = Release|Any CPU
	EndGlobalSection
EndGlobal
