
Microsoft Visual Studio Solution File, Format Version 12.00
# Visual Studio 15
Project("{FAE04EC0-301F-11D3-BF4B-00C04F79EFBC}") = "chapter8_1", "chapter8_1\chapter8_1.csproj", "{4FDD3214-CFC7-4068-B972-C3A5BC195D73}"
EndProject
Global
	GlobalSection(SolutionConfigurationPlatforms) = preSolution
		Debug|Any CPU = Debug|Any CPU
		Release|Any CPU = Release|Any CPU
	EndGlobalSection
	GlobalSection(ProjectConfigurationPlatforms) = postSolution
		{4FDD3214-CFC7-4068-B972-C3A5BC195D73}.Debug|Any CPU.ActiveCfg = Debug|Any CPU
		{4FDD3214-CFC7-4068-B972-C3A5BC195D73}.Debug|Any CPU.Build.0 = Debug|Any CPU
		{4FDD3214-CFC7-4068-B972-C3A5BC195D73}.Release|Any CPU.ActiveCfg = Release|Any CPU
		{4FDD3214-CFC7-4068-B972-C3A5BC195D73}.Release|Any CPU.Build.0 = Release|Any CPU
	EndGlobalSection
EndGlobal
