
Microsoft Visual Studio Solution File, Format Version 12.00
# Visual Studio 15
Project("{FAE04EC0-301F-11D3-BF4B-00C04F79EFBC}") = "chapter1_4", "chapter1_4\chapter1_4.csproj", "{19000262-430F-472C-8A43-04D45C60F173}"
EndProject
Global
	GlobalSection(SolutionConfigurationPlatforms) = preSolution
		Debug|Any CPU = Debug|Any CPU
		Release|Any CPU = Release|Any CPU
	EndGlobalSection
	GlobalSection(ProjectConfigurationPlatforms) = postSolution
		{19000262-430F-472C-8A43-04D45C60F173}.Debug|Any CPU.ActiveCfg = Debug|Any CPU
		{19000262-430F-472C-8A43-04D45C60F173}.Debug|Any CPU.Build.0 = Debug|Any CPU
		{19000262-430F-472C-8A43-04D45C60F173}.Release|Any CPU.ActiveCfg = Release|Any CPU
		{19000262-430F-472C-8A43-04D45C60F173}.Release|Any CPU.Build.0 = Release|Any CPU
	EndGlobalSection
EndGlobal
