
Microsoft Visual Studio Solution File, Format Version 12.00
# Visual Studio 15
Project("{FAE04EC0-301F-11D3-BF4B-00C04F79EFBC}") = "chapter4_1", "chapter4_1\chapter4_1.csproj", "{7CF82B3B-959A-4D8B-95F9-65612B94316E}"
EndProject
Global
	GlobalSection(SolutionConfigurationPlatforms) = preSolution
		Debug|Any CPU = Debug|Any CPU
		Release|Any CPU = Release|Any CPU
	EndGlobalSection
	GlobalSection(ProjectConfigurationPlatforms) = postSolution
		{7CF82B3B-959A-4D8B-95F9-65612B94316E}.Debug|Any CPU.ActiveCfg = Debug|Any CPU
		{7CF82B3B-959A-4D8B-95F9-65612B94316E}.Debug|Any CPU.Build.0 = Debug|Any CPU
		{7CF82B3B-959A-4D8B-95F9-65612B94316E}.Release|Any CPU.ActiveCfg = Release|Any CPU
		{7CF82B3B-959A-4D8B-95F9-65612B94316E}.Release|Any CPU.Build.0 = Release|Any CPU
	EndGlobalSection
EndGlobal
