
Microsoft Visual Studio Solution File, Format Version 12.00
# Visual Studio 15
Project("{FAE04EC0-301F-11D3-BF4B-00C04F79EFBC}") = "chapter5_5", "chapter5_5\chapter5_5.csproj", "{77157D31-8CD5-45D6-BD95-CBC66CBB6BFA}"
EndProject
Global
	GlobalSection(SolutionConfigurationPlatforms) = preSolution
		Debug|Any CPU = Debug|Any CPU
		Release|Any CPU = Release|Any CPU
	EndGlobalSection
	GlobalSection(ProjectConfigurationPlatforms) = postSolution
		{77157D31-8CD5-45D6-BD95-CBC66CBB6BFA}.Debug|Any CPU.ActiveCfg = Debug|Any CPU
		{77157D31-8CD5-45D6-BD95-CBC66CBB6BFA}.Debug|Any CPU.Build.0 = Debug|Any CPU
		{77157D31-8CD5-45D6-BD95-CBC66CBB6BFA}.Release|Any CPU.ActiveCfg = Release|Any CPU
		{77157D31-8CD5-45D6-BD95-CBC66CBB6BFA}.Release|Any CPU.Build.0 = Release|Any CPU
	EndGlobalSection
EndGlobal
